lockfileVersion: '9.0'

settings:
  autoInstallPeers: true
  excludeLinksFromLockfile: false

importers:

  .:
    dependencies:
      chrome-devtools-frontend:
        specifier: ^1.0.672485
        version: 1.0.672485
      chrome-remote-interface:
        specifier: ^0.33.3
        version: 0.33.3
      ws:
        specifier: ^8.18.3
        version: 8.18.3

packages:

  chrome-devtools-frontend@1.0.672485:
    resolution: {integrity: sha512-NV0mv1WGrO0qsNY52DNTfHMVWkb4C8G8hjcW029xNhIdoexBwn1k+tkYcU1S9uJjcsETv9alcmiHZdhe/iWGNQ==}

  chrome-remote-interface@0.33.3:
    resolution: {integrity: sha512-zNnn0prUL86Teru6UCAZ1yU1XeXljHl3gj7OrfPcarEfU62OUU4IujDPdTDW3dAWwRqN3ZMG/Chhkh2gPL/wiw==}
    hasBin: true

  commander@2.11.0:
    resolution: {integrity: sha512-b0553uYA5YAEGgyYIGYROzKQ7X5RAqedkfjiZxwi0kL1g3bOaBNNZfYkzt/CL0umgD5wc9Jec2FbB98CjkMRvQ==}

  ws@7.5.10:
    resolution: {integrity: sha512-+dbF1tHwZpXcbOJdVOkzLDxZP1ailvSxM6ZweXTegylPny803bFhA+vqBYw4s31NSAk4S2Qz+AKXK9a4wkdjcQ==}
    engines: {node: '>=8.3.0'}
    peerDependencies:
      bufferutil: ^4.0.1
      utf-8-validate: ^5.0.2
    peerDependenciesMeta:
      bufferutil:
        optional: true
      utf-8-validate:
        optional: true

  ws@8.18.3:
    resolution: {integrity: sha512-PEIGCY5tSlUt50cqyMXfCzX+oOPqN0vuGqWzbcJ2xvnkzkq46oOpz7dQaTDBdfICb4N14+GARUDw2XV2N4tvzg==}
    engines: {node: '>=10.0.0'}
    peerDependencies:
      bufferutil: ^4.0.1
      utf-8-validate: '>=5.0.2'
    peerDependenciesMeta:
      bufferutil:
        optional: true
      utf-8-validate:
        optional: true

snapshots:

  chrome-devtools-frontend@1.0.672485: {}

  chrome-remote-interface@0.33.3:
    dependencies:
      commander: 2.11.0
      ws: 7.5.10
    transitivePeerDependencies:
      - bufferutil
      - utf-8-validate

  commander@2.11.0: {}

  ws@7.5.10: {}

  ws@8.18.3: {}
